dependencies:
- name: agent-disconnect-detector
  repository: https://veegoteam.github.io/helm-charts-public
  version: 0.1.4
- name: agent-event-hooks-handler
  repository: https://veegoteam.github.io/helm-charts-public
  version: 0.1.2
- name: agent-registration-handler
  repository: https://veegoteam.github.io/helm-charts-public
  version: 0.1.2
- name: agent-statistics-handler
  repository: https://veegoteam.github.io/helm-charts-public
  version: 0.1.2
- name: agents-dispatcher
  repository: https://veegoteam.github.io/helm-charts-public
  version: 0.1.2
- name: aggregated-telemetry-handler
  repository: https://veegoteam.github.io/helm-charts-public
  version: 0.1.2
- name: aggregation-ignitor
  repository: https://veegoteam.github.io/helm-charts-public
  version: 0.1.2
- name: api-gateway
  repository: https://veegoteam.github.io/helm-charts-public
  version: 0.1.3
- name: charter-veego-agents-handler
  repository: https://veegoteam.github.io/helm-charts-public
  version: 0.1.2
- name: command-result-handler
  repository: https://veegoteam.github.io/helm-charts-public
  version: 0.1.2
- name: command-topic-creator
  repository: https://veegoteam.github.io/helm-charts-public
  version: 0.1.2
- name: device-collector
  repository: https://veegoteam.github.io/helm-charts-public
  version: 0.1.2
- name: device-uptime-handler
  repository: https://veegoteam.github.io/helm-charts-public
  version: 0.1.2
- name: domain-json
  repository: https://veegoteam.github.io/helm-charts-public
  version: 0.1.2
- name: doxi-veego-agents-disconnect-detector
  repository: https://veegoteam.github.io/helm-charts-public
  version: 0.1.2
- name: doxi-veego-agents-handler
  repository: https://veegoteam.github.io/helm-charts-public
  version: 0.1.2
- name: doxi-veego-devices-handler
  repository: https://veegoteam.github.io/helm-charts-public
  version: 0.1.2
- name: doxi-veego-notifications-handler
  repository: https://veegoteam.github.io/helm-charts-public
  version: 0.1.2
- name: doxi-veego-service-status-handler
  repository: https://veegoteam.github.io/helm-charts-public
  version: 0.1.2
- name: doxi-veego-service-usages
  repository: https://veegoteam.github.io/helm-charts-public
  version: 0.1.2
- name: doxi-veego-services-handler
  repository: https://veegoteam.github.io/helm-charts-public
  version: 0.1.2
- name: doxi-veego-telemetry-aggregations
  repository: https://veegoteam.github.io/helm-charts-public
  version: 0.1.2
- name: global-service-by-type-data-collector
  repository: https://veegoteam.github.io/helm-charts-public
  version: 0.1.2
- name: global-service-by-type-score-handler
  repository: https://veegoteam.github.io/helm-charts-public
  version: 0.1.2
- name: home-score-devices-data-handler
  repository: https://veegoteam.github.io/helm-charts-public
  version: 0.1.2
- name: home-score-handler
  repository: https://veegoteam.github.io/helm-charts-public
  version: 0.1.2
- name: kafka-websocket
  repository: https://veegoteam.github.io/helm-charts-public
  version: 0.1.2
- name: login
  repository: https://veegoteam.github.io/helm-charts-public
  version: 0.1.2
- name: malfunctions-counters-cleaner
  repository: https://veegoteam.github.io/helm-charts-public
  version: 0.1.2
- name: mobile-api
  repository: https://veegoteam.github.io/helm-charts-public
  version: 0.1.2
- name: monitor-connections
  repository: https://veegoteam.github.io/helm-charts-public
  version: 0.1.2
- name: notifications-handler
  repository: https://veegoteam.github.io/helm-charts-public
  version: 0.1.2
- name: notifications-telemetry-collector
  repository: https://veegoteam.github.io/helm-charts-public
  version: 0.1.2
- name: notifications-telemetry-collector-ignitor
  repository: https://veegoteam.github.io/helm-charts-public
  version: 0.1.2
- name: probe-notifications-telemetry-handler
  repository: https://veegoteam.github.io/helm-charts-public
  version: 0.1.2
- name: probe-telemetry-handler
  repository: https://veegoteam.github.io/helm-charts-public
  version: 0.1.2
- name: services-name-resolver-api-gateway
  repository: https://veegoteam.github.io/helm-charts-public
  version: 0.1.2
- name: services-name-resolver-cert-resolver
  repository: https://veegoteam.github.io/helm-charts-public
  version: 0.1.2
- name: services-name-resolver-rdns-resolver
  repository: https://veegoteam.github.io/helm-charts-public
  version: 0.1.2
- name: speedtest-handler
  repository: https://veegoteam.github.io/helm-charts-public
  version: 0.1.2
- name: telemetry-aggregator
  repository: https://veegoteam.github.io/helm-charts-public
  version: 0.1.2
- name: telemetry-handler
  repository: https://veegoteam.github.io/helm-charts-public
  version: 0.1.2
- name: veeng
  repository: https://veegoteam.github.io/helm-charts-public
  version: 0.1.2
- name: wifi-global-malfunctions-statistics-builder
  repository: https://veegoteam.github.io/helm-charts-public
  version: 0.1.2
- name: wifi-malfunctions-counters-cleaner
  repository: https://veegoteam.github.io/helm-charts-public
  version: 0.1.2
- name: wifi-malfunctions-data-collector
  repository: https://veegoteam.github.io/helm-charts-public
  version: 0.1.2
- name: wifi-score-handler
  repository: https://veegoteam.github.io/helm-charts-public
  version: 0.1.2
digest: sha256:3a0a1e12d80286a17d214470ecabb84887b52deacd1886425fdeb09a78ebb122
generated: "2022-03-28T10:09:11.046453+02:00"
